// !$*UTF8*$!
{
	archiveVersion = 1;
	classes = {
	};
	objectVersion = 56;
	objects = {

/* Begin PBXBuildFile section */
		237063D629F871110014B188 /* Placeholder.swift in Sources */ = {isa = PBXBuildFile; fileRef = 237063D529F871110014B188 /* Placeholder.swift */; };
		237063D929F871290014B188 /* Placehodler.swift in Sources */ = {isa = PBXBuildFile; fileRef = 237063D829F871290014B188 /* Placehodler.swift */; };
		237063DC29F871390014B188 /* Hodlr.swift in Sources */ = {isa = PBXBuildFile; fileRef = 237063DB29F871390014B188 /* Hodlr.swift */; };
		237063DF29F871520014B188 /* NotherHodlr.swift in Sources */ = {isa = PBXBuildFile; fileRef = 237063DE29F871520014B188 /* NotherHodlr.swift */; };
		936A492F29F838F400F400CB /* AppDelegate.swift in Sources */ = {isa = PBXBuildFile; fileRef = 936A492E29F838F400F400CB /* AppDelegate.swift */; };
		936A493129F838F400F400CB /* SceneDelegate.swift in Sources */ = {isa = PBXBuildFile; fileRef = 936A493029F838F400F400CB /* SceneDelegate.swift */; };
		936A493329F838F400F400CB /* ViewController.swift in Sources */ = {isa = PBXBuildFile; fileRef = 936A493229F838F400F400CB /* ViewController.swift */; };
		936A493629F838F400F400CB /* Main.storyboard in Resources */ = {isa = PBXBuildFile; fileRef = 936A493429F838F400F400CB /* Main.storyboard */; };
		936A493829F838F600F400CB /* Assets.xcassets in Resources */ = {isa = PBXBuildFile; fileRef = 936A493729F838F600F400CB /* Assets.xcassets */; };
		936A493B29F838F600F400CB /* LaunchScreen.storyboard in Resources */ = {isa = PBXBuildFile; fileRef = 936A493929F838F600F400CB /* LaunchScreen.storyboard */; };
/* End PBXBuildFile section */

/* Begin PBXFileReference section */
		237063D529F871110014B188 /* Placeholder.swift */ = {isa = PBXFileReference; lastKnownFileType = sourcecode.swift; path = Placeholder.swift; sourceTree = "<group>"; };
		237063D829F871290014B188 /* Placehodler.swift */ = {isa = PBXFileReference; lastKnownFileType = sourcecode.swift; path = Placehodler.swift; sourceTree = "<group>"; };
		237063DB29F871390014B188 /* Hodlr.swift */ = {isa = PBXFileReference; lastKnownFileType = sourcecode.swift; path = Hodlr.swift; sourceTree = "<group>"; };
		237063DE29F871520014B188 /* NotherHodlr.swift */ = {isa = PBXFileReference; lastKnownFileType = sourcecode.swift; path = NotherHodlr.swift; sourceTree = "<group>"; };
		936A492B29F838F400F400CB /* Frugl.app */ = {isa = PBXFileReference; explicitFileType = wrapper.application; includeInIndex = 0; path = Frugl.app; sourceTree = BUILT_PRODUCTS_DIR; };
		936A492E29F838F400F400CB /* AppDelegate.swift */ = {isa = PBXFileReference; lastKnownFileType = sourcecode.swift; path = AppDelegate.swift; sourceTree = "<group>"; };
		936A493029F838F400F400CB /* SceneDelegate.swift */ = {isa = PBXFileReference; lastKnownFileType = sourcecode.swift; path = SceneDelegate.swift; sourceTree = "<group>"; };
		936A493229F838F400F400CB /* ViewController.swift */ = {isa = PBXFileReference; lastKnownFileType = sourcecode.swift; path = ViewController.swift; sourceTree = "<group>"; };
		936A493529F838F400F400CB /* Base */ = {isa = PBXFileReference; lastKnownFileType = file.storyboard; name = Base; path = Base.lproj/Main.storyboard; sourceTree = "<group>"; };
		936A493729F838F600F400CB /* Assets.xcassets */ = {isa = PBXFileReference; lastKnownFileType = folder.assetcatalog; path = Assets.xcassets; sourceTree = "<group>"; };
		936A493A29F838F600F400CB /* Base */ = {isa = PBXFileReference; lastKnownFileType = file.storyboard; name = Base; path = Base.lproj/LaunchScreen.storyboard; sourceTree = "<group>"; };
		936A493C29F838F600F400CB /* Info.plist */ = {isa = PBXFileReference; lastKnownFileType = text.plist.xml; path = Info.plist; sourceTree = "<group>"; };
/* End PBXFileReference section */

/* Begin PBXFrameworksBuildPhase section */
		936A492829F838F400F400CB /* Frameworks */ = {
			isa = PBXFrameworksBuildPhase;
			buildActionMask = 2147483647;
			files = (
			);
			runOnlyForDeploymentPostprocessing = 0;
		};
/* End PBXFrameworksBuildPhase section */

/* Begin PBXGroup section */
		237063D329F870820014B188 /* SupportingFiles */ = {
			isa = PBXGroup;
			children = (
				936A492E29F838F400F400CB /* AppDelegate.swift */,
				936A493029F838F400F400CB /* SceneDelegate.swift */,
				936A493729F838F600F400CB /* Assets.xcassets */,
				936A493C29F838F600F400CB /* Info.plist */,
			);
			path = SupportingFiles;
			sourceTree = "<group>";
		};
		237063D429F870FB0014B188 /* Helper&Extensions */ = {
			isa = PBXGroup;
			children = (
				237063D529F871110014B188 /* Placeholder.swift */,
			);
			path = "Helper&Extensions";
			sourceTree = "<group>";
		};
		237063D729F871180014B188 /* Networking */ = {
			isa = PBXGroup;
			children = (
				237063D829F871290014B188 /* Placehodler.swift */,
			);
			path = Networking;
			sourceTree = "<group>";
		};
		237063DA29F8712F0014B188 /* Model */ = {
			isa = PBXGroup;
			children = (
				237063DB29F871390014B188 /* Hodlr.swift */,
			);
			path = Model;
			sourceTree = "<group>";
		};
		237063DD29F871460014B188 /* Views */ = {
			isa = PBXGroup;
			children = (
				237063DE29F871520014B188 /* NotherHodlr.swift */,
			);
			path = Views;
			sourceTree = "<group>";
		};
		936A492229F838F400F400CB = {
			isa = PBXGroup;
			children = (
				936A492D29F838F400F400CB /* Frugl */,
				936A492C29F838F400F400CB /* Products */,
			);
			sourceTree = "<group>";
		};
		936A492C29F838F400F400CB /* Products */ = {
			isa = PBXGroup;
			children = (
				936A492B29F838F400F400CB /* Frugl.app */,
			);
			name = Products;
			sourceTree = "<group>";
		};
		936A492D29F838F400F400CB /* Frugl */ = {
			isa = PBXGroup;
			children = (
				237063DD29F871460014B188 /* Views */,
				237063DA29F8712F0014B188 /* Model */,
				237063D729F871180014B188 /* Networking */,
				237063D429F870FB0014B188 /* Helper&Extensions */,
				237063D329F870820014B188 /* SupportingFiles */,
				936A493229F838F400F400CB /* ViewController.swift */,
				936A493429F838F400F400CB /* Main.storyboard */,
				936A493929F838F600F400CB /* LaunchScreen.storyboard */,
			);
			path = Frugl;
			sourceTree = "<group>";
		};
/* End PBXGroup section */

/* Begin PBXNativeTarget section */
		936A492A29F838F400F400CB /* Frugl */ = {
			isa = PBXNativeTarget;
			buildConfigurationList = 936A493F29F838F600F400CB /* Build configuration list for PBXNativeTarget "Frugl" */;
			buildPhases = (
				936A492729F838F400F400CB /* Sources */,
				936A492829F838F400F400CB /* Frameworks */,
				936A492929F838F400F400CB /* Resources */,
			);
			buildRules = (
			);
			dependencies = (
			);
			name = Frugl;
			productName = Frugl;
			productReference = 936A492B29F838F400F400CB /* Frugl.app */;
			productType = "com.apple.product-type.application";
		};
/* End PBXNativeTarget section */

/* Begin PBXProject section */
		936A492329F838F400F400CB /* Project object */ = {
			isa = PBXProject;
			attributes = {
				BuildIndependentTargetsInParallel = 1;
				LastSwiftUpdateCheck = 1430;
				LastUpgradeCheck = 1430;
				TargetAttributes = {
					936A492A29F838F400F400CB = {
						CreatedOnToolsVersion = 14.3;
					};
				};
			};
			buildConfigurationList = 936A492629F838F400F400CB /* Build configuration list for PBXProject "Frugl" */;
			compatibilityVersion = "Xcode 14.0";
			developmentRegion = en;
			hasScannedForEncodings = 0;
			knownRegions = (
				en,
				Base,
			);
			mainGroup = 936A492229F838F400F400CB;
			productRefGroup = 936A492C29F838F400F400CB /* Products */;
			projectDirPath = "";
			projectRoot = "";
			targets = (
				936A492A29F838F400F400CB /* Frugl */,
			);
		};
/* End PBXProject section */

/* Begin PBXResourcesBuildPhase section */
		936A492929F838F400F400CB /* Resources */ = {
			isa = PBXResourcesBuildPhase;
			buildActionMask = 2147483647;
			files = (
				936A493B29F838F600F400CB /* LaunchScreen.storyboard in Resources */,
				936A493829F838F600F400CB /* Assets.xcassets in Resources */,
				936A493629F838F400F400CB /* Main.storyboard in Resources */,
			);
			runOnlyForDeploymentPostprocessing = 0;
		};
/* End PBXResourcesBuildPhase section */

/* Begin PBXSourcesBuildPhase section */
		936A492729F838F400F400CB /* Sources */ = {
			isa = PBXSourcesBuildPhase;
			buildActionMask = 2147483647;
			files = (
				936A493329F838F400F400CB /* ViewController.swift in Sources */,
				936A492F29F838F400F400CB /* AppDelegate.swift in Sources */,
				936A493129F838F400F400CB /* SceneDelegate.swift in Sources */,
				237063DC29F871390014B188 /* Hodlr.swift in Sources */,
				237063D629F871110014B188 /* Placeholder.swift in Sources */,
				237063DF29F871520014B188 /* NotherHodlr.swift in Sources */,
				237063D929F871290014B188 /* Placehodler.swift in Sources */,
			);
			runOnlyForDeploymentPostprocessing = 0;
		};
/* End PBXSourcesBuildPhase section */

/* Begin PBXVariantGroup section */
		936A493429F838F400F400CB /* Main.storyboard */ = {
			isa = PBXVariantGroup;
			children = (
				936A493529F838F400F400CB /* Base */,
			);
			name = Main.storyboard;
			sourceTree = "<group>";
		};
		936A493929F838F600F400CB /* LaunchScreen.storyboard */ = {
			isa = PBXVariantGroup;
			children = (
				936A493A29F838F600F400CB /* Base */,
			);
			name = LaunchScreen.storyboard;
			sourceTree = "<group>";
		};
/* End PBXVariantGroup section */

/* Begin XCBuildConfiguration section */
		936A493D29F838F600F400CB /* Debug */ = {
			isa = XCBuildConfiguration;
			buildSettings = {
				ALWAYS_SEARCH_USER_PATHS = NO;
				CLANG_ANALYZER_NONNULL = YES;
				CLANG_ANALYZER_NUMBER_OBJECT_CONVERSION = YES_AGGRESSIVE;
				CLANG_CXX_LANGUAGE_STANDARD = "gnu++20";
				CLANG_ENABLE_MODULES = YES;
				CLANG_ENABLE_OBJC_ARC = YES;
				CLANG_ENABLE_OBJC_WEAK = YES;
				CLANG_WARN_BLOCK_CAPTURE_AUTORELEASING = YES;
				CLANG_WARN_BOOL_CONVERSION = YES;
				CLANG_WARN_COMMA = YES;
				CLANG_WARN_CONSTANT_CONVERSION = YES;
				CLANG_WARN_DEPRECATED_OBJC_IMPLEMENTATIONS = YES;
				CLANG_WARN_DIRECT_OBJC_ISA_USAGE = YES_ERROR;
				CLANG_WARN_DOCUMENTATION_COMMENTS = YES;
				CLANG_WARN_EMPTY_BODY = YES;
				CLANG_WARN_ENUM_CONVERSION = YES;
				CLANG_WARN_INFINITE_RECURSION = YES;
				CLANG_WARN_INT_CONVERSION = YES;
				CLANG_WARN_NON_LITERAL_NULL_CONVERSION = YES;
				CLANG_WARN_OBJC_IMPLICIT_RETAIN_SELF = YES;
				CLANG_WARN_OBJC_LITERAL_CONVERSION = YES;
				CLANG_WARN_OBJC_ROOT_CLASS = YES_ERROR;
				CLANG_WARN_QUOTED_INCLUDE_IN_FRAMEWORK_HEADER = YES;
				CLANG_WARN_RANGE_LOOP_ANALYSIS = YES;
				CLANG_WARN_STRICT_PROTOTYPES = YES;
				CLANG_WARN_SUSPICIOUS_MOVE = YES;
				CLANG_WARN_UNGUARDED_AVAILABILITY = YES_AGGRESSIVE;
				CLANG_WARN_UNREACHABLE_CODE = YES;
				CLANG_WARN__DUPLICATE_METHOD_MATCH = YES;
				COPY_PHASE_STRIP = NO;
				DEBUG_INFORMATION_FORMAT = dwarf;
				ENABLE_STRICT_OBJC_MSGSEND = YES;
				ENABLE_TESTABILITY = YES;
				GCC_C_LANGUAGE_STANDARD = gnu11;
				GCC_DYNAMIC_NO_PIC = NO;
				GCC_NO_COMMON_BLOCKS = YES;
				GCC_OPTIMIZATION_LEVEL = 0;
				GCC_PREPROCESSOR_DEFINITIONS = (
					"DEBUG=1",
					"$(inherited)",
				);
				GCC_WARN_64_TO_32_BIT_CONVERSION = YES;
				GCC_WARN_ABOUT_RETURN_TYPE = YES_ERROR;
				GCC_WARN_UNDECLARED_SELECTOR = YES;
				GCC_WARN_UNINITIALIZED_AUTOS = YES_AGGRESSIVE;
				GCC_WARN_UNUSED_FUNCTION = YES;
				GCC_WARN_UNUSED_VARIABLE = YES;
				IPHONEOS_DEPLOYMENT_TARGET = 16.4;
				MTL_ENABLE_DEBUG_INFO = INCLUDE_SOURCE;
				MTL_FAST_MATH = YES;
				ONLY_ACTIVE_ARCH = YES;
				SDKROOT = iphoneos;
				SWIFT_ACTIVE_COMPILATION_CONDITIONS = DEBUG;
				SWIFT_OPTIMIZATION_LEVEL = "-Onone";
			};
			name = Debug;
		};
		936A493E29F838F600F400CB /* Release */ = {
			isa = XCBuildConfiguration;
			buildSettings = {
				ALWAYS_SEARCH_USER_PATHS = NO;
				CLANG_ANALYZER_NONNULL = YES;
				CLANG_ANALYZER_NUMBER_OBJECT_CONVERSION = YES_AGGRESSIVE;
				CLANG_CXX_LANGUAGE_STANDARD = "gnu++20";
				CLANG_ENABLE_MODULES = YES;
				CLANG_ENABLE_OBJC_ARC = YES;
				CLANG_ENABLE_OBJC_WEAK = YES;
				CLANG_WARN_BLOCK_CAPTURE_AUTORELEASING = YES;
				CLANG_WARN_BOOL_CONVERSION = YES;
				CLANG_WARN_COMMA = YES;
				CLANG_WARN_CONSTANT_CONVERSION = YES;
				CLANG_WARN_DEPRECATED_OBJC_IMPLEMENTATIONS = YES;
				CLANG_WARN_DIRECT_OBJC_ISA_USAGE = YES_ERROR;
				CLANG_WARN_DOCUMENTATION_COMMENTS = YES;
				CLANG_WARN_EMPTY_BODY = YES;
				CLANG_WARN_ENUM_CONVERSION = YES;
				CLANG_WARN_INFINITE_RECURSION = YES;
				CLANG_WARN_INT_CONVERSION = YES;
				CLANG_WARN_NON_LITERAL_NULL_CONVERSION = YES;
				CLANG_WARN_OBJC_IMPLICIT_RETAIN_SELF = YES;
				CLANG_WARN_OBJC_LITERAL_CONVERSION = YES;
				CLANG_WARN_OBJC_ROOT_CLASS = YES_ERROR;
				CLANG_WARN_QUOTED_INCLUDE_IN_FRAMEWORK_HEADER = YES;
				CLANG_WARN_RANGE_LOOP_ANALYSIS = YES;
				CLANG_WARN_STRICT_PROTOTYPES = YES;
				CLANG_WARN_SUSPICIOUS_MOVE = YES;
				CLANG_WARN_UNGUARDED_AVAILABILITY = YES_AGGRESSIVE;
				CLANG_WARN_UNREACHABLE_CODE = YES;
				CLANG_WARN__DUPLICATE_METHOD_MATCH = YES;
				COPY_PHASE_STRIP = NO;
				DEBUG_INFORMATION_FORMAT = "dwarf-with-dsym";
				ENABLE_NS_ASSERTIONS = NO;
				ENABLE_STRICT_OBJC_MSGSEND = YES;
				GCC_C_LANGUAGE_STANDARD = gnu11;
				GCC_NO_COMMON_BLOCKS = YES;
				GCC_WARN_64_TO_32_BIT_CONVERSION = YES;
				GCC_WARN_ABOUT_RETURN_TYPE = YES_ERROR;
				GCC_WARN_UNDECLARED_SELECTOR = YES;
				GCC_WARN_UNINITIALIZED_AUTOS = YES_AGGRESSIVE;
				GCC_WARN_UNUSED_FUNCTION = YES;
				GCC_WARN_UNUSED_VARIABLE = YES;
				IPHONEOS_DEPLOYMENT_TARGET = 16.4;
				MTL_ENABLE_DEBUG_INFO = NO;
				MTL_FAST_MATH = YES;
				SDKROOT = iphoneos;
				SWIFT_COMPILATION_MODE = wholemodule;
				SWIFT_OPTIMIZATION_LEVEL = "-O";
				VALIDATE_PRODUCT = YES;
			};
			name = Release;
		};
		936A494029F838F600F400CB /* Debug */ = {
			isa = XCBuildConfiguration;
			buildSettings = {
				ASSETCATALOG_COMPILER_APPICON_NAME = AppIcon;
				ASSETCATALOG_COMPILER_GLOBAL_ACCENT_COLOR_NAME = AccentColor;
				CODE_SIGN_STYLE = Automatic;
				CURRENT_PROJECT_VERSION = 1;
				GENERATE_INFOPLIST_FILE = YES;
				INFOPLIST_FILE = Frugl/SupportingFiles/Info.plist;
				INFOPLIST_KEY_UIApplicationSupportsIndirectInputEvents = YES;
				INFOPLIST_KEY_UILaunchStoryboardName = LaunchScreen;
				INFOPLIST_KEY_UIMainStoryboardFile = Main;
				INFOPLIST_KEY_UISupportedInterfaceOrientations_iPad = "UIInterfaceOrientationPortrait UIInterfaceOrientationPortraitUpsideDown UIInterfaceOrientationLandscapeLeft UIInterfaceOrientationLandscapeRight";
				INFOPLIST_KEY_UISupportedInterfaceOrientations_iPhone = "UIInterfaceOrientationPortrait UIInterfaceOrientationLandscapeLeft UIInterfaceOrientationLandscapeRight";
				LD_RUNPATH_SEARCH_PATHS = (
					"$(inherited)",
					"@executable_path/Frameworks",
				);
				MARKETING_VERSION = 1.0;
				PRODUCT_BUNDLE_IDENTIFIER = "SeaLions-CanCodeToo.Frugl";
				PRODUCT_NAME = "$(TARGET_NAME)";
				SWIFT_EMIT_LOC_STRINGS = YES;
				SWIFT_VERSION = 5.0;
				TARGETED_DEVICE_FAMILY = "1,2";
			};
			name = Debug;
		};
		936A494129F838F600F400CB /* Release */ = {
			isa = XCBuildConfiguration;
			buildSettings = {
				ASSETCATALOG_COMPILER_APPICON_NAME = AppIcon;
				ASSETCATALOG_COMPILER_GLOBAL_ACCENT_COLOR_NAME = AccentColor;
				CODE_SIGN_STYLE = Automatic;
				CURRENT_PROJECT_VERSION = 1;
				GENERATE_INFOPLIST_FILE = YES;
				INFOPLIST_FILE = Frugl/SupportingFiles/Info.plist;
				INFOPLIST_KEY_UIApplicationSupportsIndirectInputEvents = YES;
				INFOPLIST_KEY_UILaunchStoryboardName = LaunchScreen;
				INFOPLIST_KEY_UIMainStoryboardFile = Main;
				INFOPLIST_KEY_UISupportedInterfaceOrientations_iPad = "UIInterfaceOrientationPortrait UIInterfaceOrientationPortraitUpsideDown UIInterfaceOrientationLandscapeLeft UIInterfaceOrientationLandscapeRight";
				INFOPLIST_KEY_UISupportedInterfaceOrientations_iPhone = "UIInterfaceOrientationPortrait UIInterfaceOrientationLandscapeLeft UIInterfaceOrientationLandscapeRight";
				LD_RUNPATH_SEARCH_PATHS = (
					"$(inherited)",
					"@executable_path/Frameworks",
				);
				MARKETING_VERSION = 1.0;
				PRODUCT_BUNDLE_IDENTIFIER = "SeaLions-CanCodeToo.Frugl";
				PRODUCT_NAME = "$(TARGET_NAME)";
				SWIFT_EMIT_LOC_STRINGS = YES;
				SWIFT_VERSION = 5.0;
				TARGETED_DEVICE_FAMILY = "1,2";
			};
			name = Release;
		};
/* End XCBuildConfiguration section */

/* Begin XCConfigurationList section */
		936A492629F838F400F400CB /* Build configuration list for PBXProject "Frugl" */ = {
			isa = XCConfigurationList;
			buildConfigurations = (
				936A493D29F838F600F400CB /* Debug */,
				936A493E29F838F600F400CB /* Release */,
			);
			defaultConfigurationIsVisible = 0;
			defaultConfigurationName = Release;
		};
		936A493F29F838F600F400CB /* Build configuration list for PBXNativeTarget "Frugl" */ = {
			isa = XCConfigurationList;
			buildConfigurations = (
				936A494029F838F600F400CB /* Debug */,
				936A494129F838F600F400CB /* Release */,
			);
			defaultConfigurationIsVisible = 0;
			defaultConfigurationName = Release;
		};
/* End XCConfigurationList section */
	};
	rootObject = 936A492329F838F400F400CB /* Project object */;
}
